
Microsoft Visual Studio Solution File, Format Version 12.00
# Visual Studio Version 16
VisualStudioVersion = 16.0.30717.126
MinimumVisualStudioVersion = 10.0.40219.1
Project("{FAE04EC0-301F-11D3-BF4B-00C04F79EFBC}") = "QuizManagementSystem", "QuizManagementSystem\QuizManagementSystem.csproj", "{11947C82-DDDF-4C4F-BB94-6DC5ED4D8BE1}"
EndProject
Global
	GlobalSection(SolutionConfigurationPlatforms) = preSolution
		Debug|Any CPU = Debug|Any CPU
		Release|Any CPU = Release|Any CPU
	EndGlobalSection
	GlobalSection(ProjectConfigurationPlatforms) = postSolution
		{11947C82-DDDF-4C4F-BB94-6DC5ED4D8BE1}.Debug|Any CPU.ActiveCfg = Debug|Any CPU
		{11947C82-DDDF-4C4F-BB94-6DC5ED4D8BE1}.Debug|Any CPU.Build.0 = Debug|Any CPU
		{11947C82-DDDF-4C4F-BB94-6DC5ED4D8BE1}.Release|Any CPU.ActiveCfg = Release|Any CPU
		{11947C82-DDDF-4C4F-BB94-6DC5ED4D8BE1}.Release|Any CPU.Build.0 = Release|Any CPU
	EndGlobalSection
	GlobalSection(SolutionProperties) = preSolution
		HideSolutionNode = FALSE
	EndGlobalSection
	GlobalSection(ExtensibilityGlobals) = postSolution
		SolutionGuid = {C4452C25-A517-4CE4-9DAD-CA428D54A69A}
	EndGlobalSection
EndGlobal
